
Microsoft Visual Studio Solution File, Format Version 12.00
# Visual Studio 15
VisualStudioVersion = 15.0.28010.2016
MinimumVisualStudioVersion = 10.0.40219.1
Project("{FAE04EC0-301F-11D3-BF4B-00C04F79EFBC}") = "Assignment 1 (Console Application)", "Assignment 1 (Console Application)\Assignment 1 (Console Application).csproj", "{DD0553CC-CB36-4AD3-BDF3-3E743F92E1B5}"
EndProject
Project("{FAE04EC0-301F-11D3-BF4B-00C04F79EFBC}") = "Assignment 2 (Console Application)", "..\..\..\Desktop\Uni\Programming\week 2\Assignment 2 (Console Application)\Assignment 2 (Console Application).csproj", "{FBD7F4DB-0163-484D-A871-6D20DE06AC82}"
EndProject
Global
	GlobalSection(SolutionConfigurationPlatforms) = preSolution
		Debug|Any CPU = Debug|Any CPU
		Release|Any CPU = Release|Any CPU
	EndGlobalSection
	GlobalSection(ProjectConfigurationPlatforms) = postSolution
		{DD0553CC-CB36-4AD3-BDF3-3E743F92E1B5}.Debug|Any CPU.ActiveCfg = Debug|Any CPU
		{DD0553CC-CB36-4AD3-BDF3-3E743F92E1B5}.Debug|Any CPU.Build.0 = Debug|Any CPU
		{DD0553CC-CB36-4AD3-BDF3-3E743F92E1B5}.Release|Any CPU.ActiveCfg = Release|Any CPU
		{DD0553CC-CB36-4AD3-BDF3-3E743F92E1B5}.Release|Any CPU.Build.0 = Release|Any CPU
		{FBD7F4DB-0163-484D-A871-6D20DE06AC82}.Debug|Any CPU.ActiveCfg = Debug|Any CPU
		{FBD7F4DB-0163-484D-A871-6D20DE06AC82}.Debug|Any CPU.Build.0 = Debug|Any CPU
		{FBD7F4DB-0163-484D-A871-6D20DE06AC82}.Release|Any CPU.ActiveCfg = Release|Any CPU
		{FBD7F4DB-0163-484D-A871-6D20DE06AC82}.Release|Any CPU.Build.0 = Release|Any CPU
	EndGlobalSection
	GlobalSection(SolutionProperties) = preSolution
		HideSolutionNode = FALSE
	EndGlobalSection
	GlobalSection(ExtensibilityGlobals) = postSolution
		SolutionGuid = {541A1980-E6C0-468B-BE99-2699C01CD78F}
	EndGlobalSection
EndGlobal
